// !$*UTF8*$!
{
	archiveVersion = 1;
	classes = {
	};
	objectVersion = 46;
	objects = {

/* Begin PBXBuildFile section */
		76E9E0BC1E3D8B8B0059CE05 /* AppDelegate.swift in Sources */ = {isa = PBXBuildFile; fileRef = 76E9E0BB1E3D8B8B0059CE05 /* AppDelegate.swift */; };
		76E9E0BE1E3D8B8B0059CE05 /* ViewController.swift in Sources */ = {isa = PBXBuildFile; fileRef = 76E9E0BD1E3D8B8B0059CE05 /* ViewController.swift */; };
		76E9E0C11E3D8B8B0059CE05 /* Main.storyboard in Resources */ = {isa = PBXBuildFile; fileRef = 76E9E0BF1E3D8B8B0059CE05 /* Main.storyboard */; };
		76E9E0C31E3D8B8B0059CE05 /* Assets.xcassets in Resources */ = {isa = PBXBuildFile; fileRef = 76E9E0C21E3D8B8B0059CE05 /* Assets.xcassets */; };
		76E9E0C61E3D8B8B0059CE05 /* LaunchScreen.storyboard in Resources */ = {isa = PBXBuildFile; fileRef = 76E9E0C41E3D8B8B0059CE05 /* LaunchScreen.storyboard */; };
		76E9E0D11E3D8B8B0059CE05 /* testCocoapodsTests.swift in Sources */ = {isa = PBXBuildFile; fileRef = 76E9E0D01E3D8B8B0059CE05 /* testCocoapodsTests.swift */; };
		76E9E0DC1E3D8B8B0059CE05 /* testCocoapodsUITests.swift in Sources */ = {isa = PBXBuildFile; fileRef = 76E9E0DB1E3D8B8B0059CE05 /* testCocoapodsUITests.swift */; };
		9A3DF6D50862A56617BFDBEB /* Pods_testCocoapods.framework in Frameworks */ = {isa = PBXBuildFile; fileRef = 3609504CCAF247F5B644965D /* Pods_testCocoapods.framework */; };
/* End PBXBuildFile section */

/* Begin PBXContainerItemProxy section */
		76E9E0CD1E3D8B8B0059CE05 /* PBXContainerItemProxy */ = {
			isa = PBXContainerItemProxy;
			containerPortal = 76E9E0B01E3D8B8B0059CE05 /* Project object */;
			proxyType = 1;
			remoteGlobalIDString = 76E9E0B71E3D8B8B0059CE05;
			remoteInfo = testCocoapods;
		};
		76E9E0D81E3D8B8B0059CE05 /* PBXContainerItemProxy */ = {
			isa = PBXContainerItemProxy;
			containerPortal = 76E9E0B01E3D8B8B0059CE05 /* Project object */;
			proxyType = 1;
			remoteGlobalIDString = 76E9E0B71E3D8B8B0059CE05;
			remoteInfo = testCocoapods;
		};
/* End PBXContainerItemProxy section */

/* Begin PBXFileReference section */
		3609504CCAF247F5B644965D /* Pods_testCocoapods.framework */ = {isa = PBXFileReference; explicitFileType = wrapper.framework; includeInIndex = 0; path = Pods_testCocoapods.framework; sourceTree = BUILT_PRODUCTS_DIR; };
		76E9E0B81E3D8B8B0059CE05 /* testCocoapods.app */ = {isa = PBXFileReference; explicitFileType = wrapper.application; includeInIndex = 0; path = testCocoapods.app; sourceTree = BUILT_PRODUCTS_DIR; };
		76E9E0BB1E3D8B8B0059CE05 /* AppDelegate.swift */ = {isa = PBXFileReference; lastKnownFileType = sourcecode.swift; path = AppDelegate.swift; sourceTree = "<group>"; };
		76E9E0BD1E3D8B8B0059CE05 /* ViewController.swift */ = {isa = PBXFileReference; lastKnownFileType = sourcecode.swift; path = ViewController.swift; sourceTree = "<group>"; };
		76E9E0C01E3D8B8B0059CE05 /* Base */ = {isa = PBXFileReference; lastKnownFileType = file.storyboard; name = Base; path = Base.lproj/Main.storyboard; sourceTree = "<group>"; };
		76E9E0C21E3D8B8B0059CE05 /* Assets.xcassets */ = {isa = PBXFileReference; lastKnownFileType = folder.assetcatalog; path = Assets.xcassets; sourceTree = "<group>"; };
		76E9E0C51E3D8B8B0059CE05 /* Base */ = {isa = PBXFileReference; lastKnownFileType = file.storyboard; name = Base; path = Base.lproj/LaunchScreen.storyboard; sourceTree = "<group>"; };
		76E9E0C71E3D8B8B0059CE05 /* Info.plist */ = {isa = PBXFileReference; lastKnownFileType = text.plist.xml; path = Info.plist; sourceTree = "<group>"; };
		76E9E0CC1E3D8B8B0059CE05 /* testCocoapodsTests.xctest */ = {isa = PBXFileReference; explicitFileType = wrapper.cfbundle; includeInIndex = 0; path = testCocoapodsTests.xctest; sourceTree = BUILT_PRODUCTS_DIR; };
		76E9E0D01E3D8B8B0059CE05 /* testCocoapodsTests.swift */ = {isa = PBXFileReference; lastKnownFileType = sourcecode.swift; path = testCocoapodsTests.swift; sourceTree = "<group>"; };
		76E9E0D21E3D8B8B0059CE05 /* Info.plist */ = {isa = PBXFileReference; lastKnownFileType = text.plist.xml; path = Info.plist; sourceTree = "<group>"; };
		76E9E0D71E3D8B8B0059CE05 /* testCocoapodsUITests.xctest */ = {isa = PBXFileReference; explicitFileType = wrapper.cfbundle; includeInIndex = 0; path = testCocoapodsUITests.xctest; sourceTree = BUILT_PRODUCTS_DIR; };
		76E9E0DB1E3D8B8B0059CE05 /* testCocoapodsUITests.swift */ = {isa = PBXFileReference; lastKnownFileType = sourcecode.swift; path = testCocoapodsUITests.swift; sourceTree = "<group>"; };
		76E9E0DD1E3D8B8B0059CE05 /* Info.plist */ = {isa = PBXFileReference; lastKnownFileType = text.plist.xml; path = Info.plist; sourceTree = "<group>"; };
		ED382A12A3600B6364381FE2 /* Pods-testCocoapods.debug.xcconfig */ = {isa = PBXFileReference; includeInIndex = 1; lastKnownFileType = text.xcconfig; name = "Pods-testCocoapods.debug.xcconfig"; path = "Pods/Target Support Files/Pods-testCocoapods/Pods-testCocoapods.debug.xcconfig"; sourceTree = "<group>"; };
		F0B5816EA86D007AC3B2FFA1 /* Pods-testCocoapods.release.xcconfig */ = {isa = PBXFileReference; includeInIndex = 1; lastKnownFileType = text.xcconfig; name = "Pods-testCocoapods.release.xcconfig"; path = "Pods/Target Support Files/Pods-testCocoapods/Pods-testCocoapods.release.xcconfig"; sourceTree = "<group>"; };
/* End PBXFileReference section */

/* Begin PBXFrameworksBuildPhase section */
		76E9E0B51E3D8B8B0059CE05 /* Frameworks */ = {
			isa = PBXFrameworksBuildPhase;
			buildActionMask = 2147483647;
			files = (
				9A3DF6D50862A56617BFDBEB /* Pods_testCocoapods.framework in Frameworks */,
			);
			runOnlyForDeploymentPostprocessing = 0;
		};
		76E9E0C91E3D8B8B0059CE05 /* Frameworks */ = {
			isa = PBXFrameworksBuildPhase;
			buildActionMask = 2147483647;
			files = (
			);
			runOnlyForDeploymentPostprocessing = 0;
		};
		76E9E0D41E3D8B8B0059CE05 /* Frameworks */ = {
			isa = PBXFrameworksBuildPhase;
			buildActionMask = 2147483647;
			files = (
			);
			runOnlyForDeploymentPostprocessing = 0;
		};
/* End PBXFrameworksBuildPhase section */

/* Begin PBXGroup section */
		30CDFE850EC9271ECAE48935 /* Frameworks */ = {
			isa = PBXGroup;
			children = (
				3609504CCAF247F5B644965D /* Pods_testCocoapods.framework */,
			);
			name = Frameworks;
			sourceTree = "<group>";
		};
		5461D6056D8A5E2E86C7F241 /* Pods */ = {
			isa = PBXGroup;
			children = (
				ED382A12A3600B6364381FE2 /* Pods-testCocoapods.debug.xcconfig */,
				F0B5816EA86D007AC3B2FFA1 /* Pods-testCocoapods.release.xcconfig */,
			);
			name = Pods;
			sourceTree = "<group>";
		};
		76E9E0AF1E3D8B8B0059CE05 = {
			isa = PBXGroup;
			children = (
				76E9E0BA1E3D8B8B0059CE05 /* testCocoapods */,
				76E9E0CF1E3D8B8B0059CE05 /* testCocoapodsTests */,
				76E9E0DA1E3D8B8B0059CE05 /* testCocoapodsUITests */,
				76E9E0B91E3D8B8B0059CE05 /* Products */,
				5461D6056D8A5E2E86C7F241 /* Pods */,
				30CDFE850EC9271ECAE48935 /* Frameworks */,
			);
			sourceTree = "<group>";
		};
		76E9E0B91E3D8B8B0059CE05 /* Products */ = {
			isa = PBXGroup;
			children = (
				76E9E0B81E3D8B8B0059CE05 /* testCocoapods.app */,
				76E9E0CC1E3D8B8B0059CE05 /* testCocoapodsTests.xctest */,
				76E9E0D71E3D8B8B0059CE05 /* testCocoapodsUITests.xctest */,
			);
			name = Products;
			sourceTree = "<group>";
		};
		76E9E0BA1E3D8B8B0059CE05 /* testCocoapods */ = {
			isa = PBXGroup;
			children = (
				76E9E0BB1E3D8B8B0059CE05 /* AppDelegate.swift */,
				76E9E0BD1E3D8B8B0059CE05 /* ViewController.swift */,
				76E9E0BF1E3D8B8B0059CE05 /* Main.storyboard */,
				76E9E0C21E3D8B8B0059CE05 /* Assets.xcassets */,
				76E9E0C41E3D8B8B0059CE05 /* LaunchScreen.storyboard */,
				76E9E0C71E3D8B8B0059CE05 /* Info.plist */,
			);
			path = testCocoapods;
			sourceTree = "<group>";
		};
		76E9E0CF1E3D8B8B0059CE05 /* testCocoapodsTests */ = {
			isa = PBXGroup;
			children = (
				76E9E0D01E3D8B8B0059CE05 /* testCocoapodsTests.swift */,
				76E9E0D21E3D8B8B0059CE05 /* Info.plist */,
			);
			path = testCocoapodsTests;
			sourceTree = "<group>";
		};
		76E9E0DA1E3D8B8B0059CE05 /* testCocoapodsUITests */ = {
			isa = PBXGroup;
			children = (
				76E9E0DB1E3D8B8B0059CE05 /* testCocoapodsUITests.swift */,
				76E9E0DD1E3D8B8B0059CE05 /* Info.plist */,
			);
			path = testCocoapodsUITests;
			sourceTree = "<group>";
		};
/* End PBXGroup section */

/* Begin PBXNativeTarget section */
		76E9E0B71E3D8B8B0059CE05 /* testCocoapods */ = {
			isa = PBXNativeTarget;
			buildConfigurationList = 76E9E0E01E3D8B8B0059CE05 /* Build configuration list for PBXNativeTarget "testCocoapods" */;
			buildPhases = (
				AAA8CBCEAA2864BEC1E27A37 /* [CP] Check Pods Manifest.lock */,
				76E9E0B41E3D8B8B0059CE05 /* Sources */,
				76E9E0B51E3D8B8B0059CE05 /* Frameworks */,
				76E9E0B61E3D8B8B0059CE05 /* Resources */,
				3EC58D9E4A644F3FC380EF42 /* [CP] Embed Pods Frameworks */,
				13D0CEF0F8976C974D7DEA36 /* [CP] Copy Pods Resources */,
			);
			buildRules = (
			);
			dependencies = (
			);
			name = testCocoapods;
			productName = testCocoapods;
			productReference = 76E9E0B81E3D8B8B0059CE05 /* testCocoapods.app */;
			productType = "com.apple.product-type.application";
		};
		76E9E0CB1E3D8B8B0059CE05 /* testCocoapodsTests */ = {
			isa = PBXNativeTarget;
			buildConfigurationList = 76E9E0E31E3D8B8B0059CE05 /* Build configuration list for PBXNativeTarget "testCocoapodsTests" */;
			buildPhases = (
				76E9E0C81E3D8B8B0059CE05 /* Sources */,
				76E9E0C91E3D8B8B0059CE05 /* Frameworks */,
				76E9E0CA1E3D8B8B0059CE05 /* Resources */,
			);
			buildRules = (
			);
			dependencies = (
				76E9E0CE1E3D8B8B0059CE05 /* PBXTargetDependency */,
			);
			name = testCocoapodsTests;
			productName = testCocoapodsTests;
			productReference = 76E9E0CC1E3D8B8B0059CE05 /* testCocoapodsTests.xctest */;
			productType = "com.apple.product-type.bundle.unit-test";
		};
		76E9E0D61E3D8B8B0059CE05 /* testCocoapodsUITests */ = {
			isa = PBXNativeTarget;
			buildConfigurationList = 76E9E0E61E3D8B8B0059CE05 /* Build configuration list for PBXNativeTarget "testCocoapodsUITests" */;
			buildPhases = (
				76E9E0D31E3D8B8B0059CE05 /* Sources */,
				76E9E0D41E3D8B8B0059CE05 /* Frameworks */,
				76E9E0D51E3D8B8B0059CE05 /* Resources */,
			);
			buildRules = (
			);
			dependencies = (
				76E9E0D91E3D8B8B0059CE05 /* PBXTargetDependency */,
			);
			name = testCocoapodsUITests;
			productName = testCocoapodsUITests;
			productReference = 76E9E0D71E3D8B8B0059CE05 /* testCocoapodsUITests.xctest */;
			productType = "com.apple.product-type.bundle.ui-testing";
		};
/* End PBXNativeTarget section */

/* Begin PBXProject section */
		76E9E0B01E3D8B8B0059CE05 /* Project object */ = {
			isa = PBXProject;
			attributes = {
				LastSwiftUpdateCheck = 0820;
				LastUpgradeCheck = 0820;
				ORGANIZATIONNAME = JZX;
				TargetAttributes = {
					76E9E0B71E3D8B8B0059CE05 = {
						CreatedOnToolsVersion = 8.2.1;
						ProvisioningStyle = Automatic;
					};
					76E9E0CB1E3D8B8B0059CE05 = {
						CreatedOnToolsVersion = 8.2.1;
						ProvisioningStyle = Automatic;
						TestTargetID = 76E9E0B71E3D8B8B0059CE05;
					};
					76E9E0D61E3D8B8B0059CE05 = {
						CreatedOnToolsVersion = 8.2.1;
						ProvisioningStyle = Automatic;
						TestTargetID = 76E9E0B71E3D8B8B0059CE05;
					};
				};
			};
			buildConfigurationList = 76E9E0B31E3D8B8B0059CE05 /* Build configuration list for PBXProject "testCocoapods" */;
			compatibilityVersion = "Xcode 3.2";
			developmentRegion = English;
			hasScannedForEncodings = 0;
			knownRegions = (
				en,
				Base,
			);
			mainGroup = 76E9E0AF1E3D8B8B0059CE05;
			productRefGroup = 76E9E0B91E3D8B8B0059CE05 /* Products */;
			projectDirPath = "";
			projectRoot = "";
			targets = (
				76E9E0B71E3D8B8B0059CE05 /* testCocoapods */,
				76E9E0CB1E3D8B8B0059CE05 /* testCocoapodsTests */,
				76E9E0D61E3D8B8B0059CE05 /* testCocoapodsUITests */,
			);
		};
/* End PBXProject section */

/* Begin PBXResourcesBuildPhase section */
		76E9E0B61E3D8B8B0059CE05 /* Resources */ = {
			isa = PBXResourcesBuildPhase;
			buildActionMask = 2147483647;
			files = (
				76E9E0C61E3D8B8B0059CE05 /* LaunchScreen.storyboard in Resources */,
				76E9E0C31E3D8B8B0059CE05 /* Assets.xcassets in Resources */,
				76E9E0C11E3D8B8B0059CE05 /* Main.storyboard in Resources */,
			);
			runOnlyForDeploymentPostprocessing = 0;
		};
		76E9E0CA1E3D8B8B0059CE05 /* Resources */ = {
			isa = PBXResourcesBuildPhase;
			buildActionMask = 2147483647;
			files = (
			);
			runOnlyForDeploymentPostprocessing = 0;
		};
		76E9E0D51E3D8B8B0059CE05 /* Resources */ = {
			isa = PBXResourcesBuildPhase;
			buildActionMask = 2147483647;
			files = (
			);
			runOnlyForDeploymentPostprocessing = 0;
		};
/* End PBXResourcesBuildPhase section */

/* Begin PBXShellScriptBuildPhase section */
		13D0CEF0F8976C974D7DEA36 /* [CP] Copy Pods Resources */ = {
			isa = PBXShellScriptBuildPhase;
			buildActionMask = 2147483647;
			files = (
			);
			inputPaths = (
			);
			name = "[CP] Copy Pods Resources";
			outputPaths = (
			);
			runOnlyForDeploymentPostprocessing = 0;
			shellPath = /bin/sh;
			shellScript = "\"${SRCROOT}/Pods/Target Support Files/Pods-testCocoapods/Pods-testCocoapods-resources.sh\"\n";
			showEnvVarsInLog = 0;
		};
		3EC58D9E4A644F3FC380EF42 /* [CP] Embed Pods Frameworks */ = {
			isa = PBXShellScriptBuildPhase;
			buildActionMask = 2147483647;
			files = (
			);
			inputPaths = (
			);
			name = "[CP] Embed Pods Frameworks";
			outputPaths = (
			);
			runOnlyForDeploymentPostprocessing = 0;
			shellPath = /bin/sh;
			shellScript = "\"${SRCROOT}/Pods/Target Support Files/Pods-testCocoapods/Pods-testCocoapods-frameworks.sh\"\n";
			showEnvVarsInLog = 0;
		};
		AAA8CBCEAA2864BEC1E27A37 /* [CP] Check Pods Manifest.lock */ = {
			isa = PBXShellScriptBuildPhase;
			buildActionMask = 2147483647;
			files = (
			);
			inputPaths = (
			);
			name = "[CP] Check Pods Manifest.lock";
			outputPaths = (
			);
			runOnlyForDeploymentPostprocessing = 0;
			shellPath = /bin/sh;
			shellScript = "diff \"${PODS_ROOT}/../Podfile.lock\" \"${PODS_ROOT}/Manifest.lock\" > /dev/null\nif [ $? != 0 ] ; then\n    # print error to STDERR\n    echo \"error: The sandbox is not in sync with the Podfile.lock. Run 'pod install' or update your CocoaPods installation.\" >&2\n    exit 1\nfi\n";
			showEnvVarsInLog = 0;
		};
/* End PBXShellScriptBuildPhase section */

/* Begin PBXSourcesBuildPhase section */
		76E9E0B41E3D8B8B0059CE05 /* Sources */ = {
			isa = PBXSourcesBuildPhase;
			buildActionMask = 2147483647;
			files = (
				76E9E0BE1E3D8B8B0059CE05 /* ViewController.swift in Sources */,
				76E9E0BC1E3D8B8B0059CE05 /* AppDelegate.swift in Sources */,
			);
			runOnlyForDeploymentPostprocessing = 0;
		};
		76E9E0C81E3D8B8B0059CE05 /* Sources */ = {
			isa = PBXSourcesBuildPhase;
			buildActionMask = 2147483647;
			files = (
				76E9E0D11E3D8B8B0059CE05 /* testCocoapodsTests.swift in Sources */,
			);
			runOnlyForDeploymentPostprocessing = 0;
		};
		76E9E0D31E3D8B8B0059CE05 /* Sources */ = {
			isa = PBXSourcesBuildPhase;
			buildActionMask = 2147483647;
			files = (
				76E9E0DC1E3D8B8B0059CE05 /* testCocoapodsUITests.swift in Sources */,
			);
			runOnlyForDeploymentPostprocessing = 0;
		};
/* End PBXSourcesBuildPhase section */

/* Begin PBXTargetDependency section */
		76E9E0CE1E3D8B8B0059CE05 /* PBXTargetDependency */ = {
			isa = PBXTargetDependency;
			target = 76E9E0B71E3D8B8B0059CE05 /* testCocoapods */;
			targetProxy = 76E9E0CD1E3D8B8B0059CE05 /* PBXContainerItemProxy */;
		};
		76E9E0D91E3D8B8B0059CE05 /* PBXTargetDependency */ = {
			isa = PBXTargetDependency;
			target = 76E9E0B71E3D8B8B0059CE05 /* testCocoapods */;
			targetProxy = 76E9E0D81E3D8B8B0059CE05 /* PBXContainerItemProxy */;
		};
/* End PBXTargetDependency section */

/* Begin PBXVariantGroup section */
		76E9E0BF1E3D8B8B0059CE05 /* Main.storyboard */ = {
			isa = PBXVariantGroup;
			children = (
				76E9E0C01E3D8B8B0059CE05 /* Base */,
			);
			name = Main.storyboard;
			sourceTree = "<group>";
		};
		76E9E0C41E3D8B8B0059CE05 /* LaunchScreen.storyboard */ = {
			isa = PBXVariantGroup;
			children = (
				76E9E0C51E3D8B8B0059CE05 /* Base */,
			);
			name = LaunchScreen.storyboard;
			sourceTree = "<group>";
		};
/* End PBXVariantGroup section */

/* Begin XCBuildConfiguration section */
		76E9E0DE1E3D8B8B0059CE05 /* Debug */ = {
			isa = XCBuildConfiguration;
			buildSettings = {
				ALWAYS_SEARCH_USER_PATHS = NO;
				CLANG_ANALYZER_NONNULL = YES;
				CLANG_CXX_LANGUAGE_STANDARD = "gnu++0x";
				CLANG_CXX_LIBRARY = "libc++";
				CLANG_ENABLE_MODULES = YES;
				CLANG_ENABLE_OBJC_ARC = YES;
				CLANG_WARN_BOOL_CONVERSION = YES;
				CLANG_WARN_CONSTANT_CONVERSION = YES;
				CLANG_WARN_DIRECT_OBJC_ISA_USAGE = YES_ERROR;
				CLANG_WARN_DOCUMENTATION_COMMENTS = YES;
				CLANG_WARN_EMPTY_BODY = YES;
				CLANG_WARN_ENUM_CONVERSION = YES;
				CLANG_WARN_INFINITE_RECURSION = YES;
				CLANG_WARN_INT_CONVERSION = YES;
				CLANG_WARN_OBJC_ROOT_CLASS = YES_ERROR;
				CLANG_WARN_SUSPICIOUS_MOVE = YES;
				CLANG_WARN_UNREACHABLE_CODE = YES;
				CLANG_WARN__DUPLICATE_METHOD_MATCH = YES;
				"CODE_SIGN_IDENTITY[sdk=iphoneos*]" = "iPhone Developer";
				COPY_PHASE_STRIP = NO;
				DEBUG_INFORMATION_FORMAT = dwarf;
				ENABLE_STRICT_OBJC_MSGSEND = YES;
				ENABLE_TESTABILITY = YES;
				GCC_C_LANGUAGE_STANDARD = gnu99;
				GCC_DYNAMIC_NO_PIC = NO;
				GCC_NO_COMMON_BLOCKS = YES;
				GCC_OPTIMIZATION_LEVEL = 0;
				GCC_PREPROCESSOR_DEFINITIONS = (
					"DEBUG=1",
					"$(inherited)",
				);
				GCC_WARN_64_TO_32_BIT_CONVERSION = YES;
				GCC_WARN_ABOUT_RETURN_TYPE = YES_ERROR;
				GCC_WARN_UNDECLARED_SELECTOR = YES;
				GCC_WARN_UNINITIALIZED_AUTOS = YES_AGGRESSIVE;
				GCC_WARN_UNUSED_FUNCTION = YES;
				GCC_WARN_UNUSED_VARIABLE = YES;
				IPHONEOS_DEPLOYMENT_TARGET = 10.2;
				MTL_ENABLE_DEBUG_INFO = YES;
				ONLY_ACTIVE_ARCH = YES;
				SDKROOT = iphoneos;
				SWIFT_ACTIVE_COMPILATION_CONDITIONS = DEBUG;
				SWIFT_OPTIMIZATION_LEVEL = "-Onone";
				TARGETED_DEVICE_FAMILY = "1,2";
			};
			name = Debug;
		};
		76E9E0DF1E3D8B8B0059CE05 /* Release */ = {
			isa = XCBuildConfiguration;
			buildSettings = {
				ALWAYS_SEARCH_USER_PATHS = NO;
				CLANG_ANALYZER_NONNULL = YES;
				CLANG_CXX_LANGUAGE_STANDARD = "gnu++0x";
				CLANG_CXX_LIBRARY = "libc++";
				CLANG_ENABLE_MODULES = YES;
				CLANG_ENABLE_OBJC_ARC = YES;
				CLANG_WARN_BOOL_CONVERSION = YES;
				CLANG_WARN_CONSTANT_CONVERSION = YES;
				CLANG_WARN_DIRECT_OBJC_ISA_USAGE = YES_ERROR;
				CLANG_WARN_DOCUMENTATION_COMMENTS = YES;
				CLANG_WARN_EMPTY_BODY = YES;
				CLANG_WARN_ENUM_CONVERSION = YES;
				CLANG_WARN_INFINITE_RECURSION = YES;
				CLANG_WARN_INT_CONVERSION = YES;
				CLANG_WARN_OBJC_ROOT_CLASS = YES_ERROR;
				CLANG_WARN_SUSPICIOUS_MOVE = YES;
				CLANG_WARN_UNREACHABLE_CODE = YES;
				CLANG_WARN__DUPLICATE_METHOD_MATCH = YES;
				"CODE_SIGN_IDENTITY[sdk=iphoneos*]" = "iPhone Developer";
				COPY_PHASE_STRIP = NO;
				DEBUG_INFORMATION_FORMAT = "dwarf-with-dsym";
				ENABLE_NS_ASSERTIONS = NO;
				ENABLE_STRICT_OBJC_MSGSEND = YES;
				GCC_C_LANGUAGE_STANDARD = gnu99;
				GCC_NO_COMMON_BLOCKS = YES;
				GCC_WARN_64_TO_32_BIT_CONVERSION = YES;
				GCC_WARN_ABOUT_RETURN_TYPE = YES_ERROR;
				GCC_WARN_UNDECLARED_SELECTOR = YES;
				GCC_WARN_UNINITIALIZED_AUTOS = YES_AGGRESSIVE;
				GCC_WARN_UNUSED_FUNCTION = YES;
				GCC_WARN_UNUSED_VARIABLE = YES;
				IPHONEOS_DEPLOYMENT_TARGET = 10.2;
				MTL_ENABLE_DEBUG_INFO = NO;
				SDKROOT = iphoneos;
				SWIFT_OPTIMIZATION_LEVEL = "-Owholemodule";
				TARGETED_DEVICE_FAMILY = "1,2";
				VALIDATE_PRODUCT = YES;
			};
			name = Release;
		};
		76E9E0E11E3D8B8B0059CE05 /* Debug */ = {
			isa = XCBuildConfiguration;
			baseConfigurationReference = ED382A12A3600B6364381FE2 /* Pods-testCocoapods.debug.xcconfig */;
			buildSettings = {
				ASSETCATALOG_COMPILER_APPICON_NAME = AppIcon;
				INFOPLIST_FILE = testCocoapods/Info.plist;
				LD_RUNPATH_SEARCH_PATHS = "$(inherited) @executable_path/Frameworks";
				PRODUCT_BUNDLE_IDENTIFIER = com.jzx.testCocoapods;
				PRODUCT_NAME = "$(TARGET_NAME)";
				SWIFT_VERSION = 3.0;
			};
			name = Debug;
		};
		76E9E0E21E3D8B8B0059CE05 /* Release */ = {
			isa = XCBuildConfiguration;
			baseConfigurationReference = F0B5816EA86D007AC3B2FFA1 /* Pods-testCocoapods.release.xcconfig */;
			buildSettings = {
				ASSETCATALOG_COMPILER_APPICON_NAME = AppIcon;
				INFOPLIST_FILE = testCocoapods/Info.plist;
				LD_RUNPATH_SEARCH_PATHS = "$(inherited) @executable_path/Frameworks";
				PRODUCT_BUNDLE_IDENTIFIER = com.jzx.testCocoapods;
				PRODUCT_NAME = "$(TARGET_NAME)";
				SWIFT_VERSION = 3.0;
			};
			name = Release;
		};
		76E9E0E41E3D8B8B0059CE05 /* Debug */ = {
			isa = XCBuildConfiguration;
			buildSettings = {
				ALWAYS_EMBED_SWIFT_STANDARD_LIBRARIES = YES;
				BUNDLE_LOADER = "$(TEST_HOST)";
				INFOPLIST_FILE = testCocoapodsTests/Info.plist;
				LD_RUNPATH_SEARCH_PATHS = "$(inherited) @executable_path/Frameworks @loader_path/Frameworks";
				PRODUCT_BUNDLE_IDENTIFIER = com.jzx.testCocoapodsTests;
				PRODUCT_NAME = "$(TARGET_NAME)";
				SWIFT_VERSION = 3.0;
				TEST_HOST = "$(BUILT_PRODUCTS_DIR)/testCocoapods.app/testCocoapods";
			};
			name = Debug;
		};
		76E9E0E51E3D8B8B0059CE05 /* Release */ = {
			isa = XCBuildConfiguration;
			buildSettings = {
				ALWAYS_EMBED_SWIFT_STANDARD_LIBRARIES = YES;
				BUNDLE_LOADER = "$(TEST_HOST)";
				INFOPLIST_FILE = testCocoapodsTests/Info.plist;
				LD_RUNPATH_SEARCH_PATHS = "$(inherited) @executable_path/Frameworks @loader_path/Frameworks";
				PRODUCT_BUNDLE_IDENTIFIER = com.jzx.testCocoapodsTests;
				PRODUCT_NAME = "$(TARGET_NAME)";
				SWIFT_VERSION = 3.0;
				TEST_HOST = "$(BUILT_PRODUCTS_DIR)/testCocoapods.app/testCocoapods";
			};
			name = Release;
		};
		76E9E0E71E3D8B8B0059CE05 /* Debug */ = {
			isa = XCBuildConfiguration;
			buildSettings = {
				ALWAYS_EMBED_SWIFT_STANDARD_LIBRARIES = YES;
				INFOPLIST_FILE = testCocoapodsUITests/Info.plist;
				LD_RUNPATH_SEARCH_PATHS = "$(inherited) @executable_path/Frameworks @loader_path/Frameworks";
				PRODUCT_BUNDLE_IDENTIFIER = com.jzx.testCocoapodsUITests;
				PRODUCT_NAME = "$(TARGET_NAME)";
				SWIFT_VERSION = 3.0;
				TEST_TARGET_NAME = testCocoapods;
			};
			name = Debug;
		};
		76E9E0E81E3D8B8B0059CE05 /* Release */ = {
			isa = XCBuildConfiguration;
			buildSettings = {
				ALWAYS_EMBED_SWIFT_STANDARD_LIBRARIES = YES;
				INFOPLIST_FILE = testCocoapodsUITests/Info.plist;
				LD_RUNPATH_SEARCH_PATHS = "$(inherited) @executable_path/Frameworks @loader_path/Frameworks";
				PRODUCT_BUNDLE_IDENTIFIER = com.jzx.testCocoapodsUITests;
				PRODUCT_NAME = "$(TARGET_NAME)";
				SWIFT_VERSION = 3.0;
				TEST_TARGET_NAME = testCocoapods;
			};
			name = Release;
		};
/* End XCBuildConfiguration section */

/* Begin XCConfigurationList section */
		76E9E0B31E3D8B8B0059CE05 /* Build configuration list for PBXProject "testCocoapods" */ = {
			isa = XCConfigurationList;
			buildConfigurations = (
				76E9E0DE1E3D8B8B0059CE05 /* Debug */,
				76E9E0DF1E3D8B8B0059CE05 /* Release */,
			);
			defaultConfigurationIsVisible = 0;
			defaultConfigurationName = Release;
		};
		76E9E0E01E3D8B8B0059CE05 /* Build configuration list for PBXNativeTarget "testCocoapods" */ = {
			isa = XCConfigurationList;
			buildConfigurations = (
				76E9E0E11E3D8B8B0059CE05 /* Debug */,
				76E9E0E21E3D8B8B0059CE05 /* Release */,
			);
			defaultConfigurationIsVisible = 0;
		};
		76E9E0E31E3D8B8B0059CE05 /* Build configuration list for PBXNativeTarget "testCocoapodsTests" */ = {
			isa = XCConfigurationList;
			buildConfigurations = (
				76E9E0E41E3D8B8B0059CE05 /* Debug */,
				76E9E0E51E3D8B8B0059CE05 /* Release */,
			);
			defaultConfigurationIsVisible = 0;
		};
		76E9E0E61E3D8B8B0059CE05 /* Build configuration list for PBXNativeTarget "testCocoapodsUITests" */ = {
			isa = XCConfigurationList;
			buildConfigurations = (
				76E9E0E71E3D8B8B0059CE05 /* Debug */,
				76E9E0E81E3D8B8B0059CE05 /* Release */,
			);
			defaultConfigurationIsVisible = 0;
		};
/* End XCConfigurationList section */
	};
	rootObject = 76E9E0B01E3D8B8B0059CE05 /* Project object */;
}
